// !$*UTF8*$!
{
	archiveVersion = 1;
	classes = {
	};
	objectVersion = 56;
	objects = {

/* Begin PBXBuildFile section */
		2010D44829DB9493006DBDF4 /* LandmarksApp.swift in Sources */ = {isa = PBXBuildFile; fileRef = 2010D44729DB9493006DBDF4 /* LandmarksApp.swift */; };
		2010D44A29DB9493006DBDF4 /* ContentView.swift in Sources */ = {isa = PBXBuildFile; fileRef = 2010D44929DB9493006DBDF4 /* ContentView.swift */; };
		2010D44C29DB9496006DBDF4 /* Assets.xcassets in Resources */ = {isa = PBXBuildFile; fileRef = 2010D44B29DB9496006DBDF4 /* Assets.xcassets */; };
		2010D44F29DB9496006DBDF4 /* Preview Assets.xcassets in Resources */ = {isa = PBXBuildFile; fileRef = 2010D44E29DB9496006DBDF4 /* Preview Assets.xcassets */; };
		2010D45629DBAF8B006DBDF4 /* CircleImage.swift in Sources */ = {isa = PBXBuildFile; fileRef = 2010D45529DBAF8B006DBDF4 /* CircleImage.swift */; };
		2010D45829DBB0D2006DBDF4 /* MapView.swift in Sources */ = {isa = PBXBuildFile; fileRef = 2010D45729DBB0D2006DBDF4 /* MapView.swift */; };
		2010D45A29DBB9B6006DBDF4 /* landmarkData.json in Resources */ = {isa = PBXBuildFile; fileRef = 2010D45929DBB9B6006DBDF4 /* landmarkData.json */; };
		2010D45C29DBBA01006DBDF4 /* Landmark.swift in Sources */ = {isa = PBXBuildFile; fileRef = 2010D45B29DBBA01006DBDF4 /* Landmark.swift */; };
		2010D45E29DBBC2A006DBDF4 /* ModelData.swift in Sources */ = {isa = PBXBuildFile; fileRef = 2010D45D29DBBC2A006DBDF4 /* ModelData.swift */; };
		2010D46329DBBE5C006DBDF4 /* LandmarkRow.swift in Sources */ = {isa = PBXBuildFile; fileRef = 2010D46229DBBE5B006DBDF4 /* LandmarkRow.swift */; };
		2010D46529DBC27D006DBDF4 /* LandmarkList.swift in Sources */ = {isa = PBXBuildFile; fileRef = 2010D46429DBC27D006DBDF4 /* LandmarkList.swift */; };
		2010D46729DBC490006DBDF4 /* LandmarkDetail.swift in Sources */ = {isa = PBXBuildFile; fileRef = 2010D46629DBC48F006DBDF4 /* LandmarkDetail.swift */; };
		206F46A029DF86730043322A /* Profile.swift in Sources */ = {isa = PBXBuildFile; fileRef = 206F469F29DF86730043322A /* Profile.swift */; };
		206F46A429DF87E20043322A /* ProfileHost.swift in Sources */ = {isa = PBXBuildFile; fileRef = 206F46A329DF87E20043322A /* ProfileHost.swift */; };
		206F46A629DF89970043322A /* ProfileSummary.swift in Sources */ = {isa = PBXBuildFile; fileRef = 206F46A529DF89970043322A /* ProfileSummary.swift */; };
		206F46A829DF8B390043322A /* HikeBadge.swift in Sources */ = {isa = PBXBuildFile; fileRef = 206F46A729DF8B390043322A /* HikeBadge.swift */; };
		206F46AA29DFC6610043322A /* ProfileEditor.swift in Sources */ = {isa = PBXBuildFile; fileRef = 206F46A929DFC6610043322A /* ProfileEditor.swift */; };
		206F46AD29DFCC530043322A /* PageViewController.swift in Sources */ = {isa = PBXBuildFile; fileRef = 206F46AC29DFCC530043322A /* PageViewController.swift */; };
		206F46AF29DFCF2A0043322A /* FeatureCard.swift in Sources */ = {isa = PBXBuildFile; fileRef = 206F46AE29DFCF2A0043322A /* FeatureCard.swift */; };
		206F46B129DFD1E50043322A /* PageView.swift in Sources */ = {isa = PBXBuildFile; fileRef = 206F46B029DFD1E50043322A /* PageView.swift */; };
		208A89C929E0C6ED00836BD6 /* WatchLandmarksApp.swift in Sources */ = {isa = PBXBuildFile; fileRef = 208A89C829E0C6ED00836BD6 /* WatchLandmarksApp.swift */; };
		208A89CB29E0C6ED00836BD6 /* ContentView.swift in Sources */ = {isa = PBXBuildFile; fileRef = 208A89CA29E0C6ED00836BD6 /* ContentView.swift */; };
		208A89CD29E0C6EF00836BD6 /* Assets.xcassets in Resources */ = {isa = PBXBuildFile; fileRef = 208A89CC29E0C6EF00836BD6 /* Assets.xcassets */; };
		208A89D029E0C6EF00836BD6 /* Preview Assets.xcassets in Resources */ = {isa = PBXBuildFile; fileRef = 208A89CF29E0C6EF00836BD6 /* Preview Assets.xcassets */; };
		208A89D329E0C6EF00836BD6 /* WatchLandmarks Watch App.app in Embed Watch Content */ = {isa = PBXBuildFile; fileRef = 208A89C629E0C6ED00836BD6 /* WatchLandmarks Watch App.app */; settings = {ATTRIBUTES = (RemoveHeadersOnCopy, ); }; };
		208A89D829E0C7AB00836BD6 /* MapView.swift in Sources */ = {isa = PBXBuildFile; fileRef = 2010D45729DBB0D2006DBDF4 /* MapView.swift */; };
		208A89D929E0C7AB00836BD6 /* Profile.swift in Sources */ = {isa = PBXBuildFile; fileRef = 206F469F29DF86730043322A /* Profile.swift */; };
		208A89DA29E0C7AB00836BD6 /* Hike.swift in Sources */ = {isa = PBXBuildFile; fileRef = 209E913229DE5BFC00335B48 /* Hike.swift */; };
		208A89DB29E0C7AB00836BD6 /* LandmarkRow.swift in Sources */ = {isa = PBXBuildFile; fileRef = 2010D46229DBBE5B006DBDF4 /* LandmarkRow.swift */; };
		208A89DC29E0C7AB00836BD6 /* CircleImage.swift in Sources */ = {isa = PBXBuildFile; fileRef = 2010D45529DBAF8B006DBDF4 /* CircleImage.swift */; };
		208A89DD29E0C7AB00836BD6 /* ModelData.swift in Sources */ = {isa = PBXBuildFile; fileRef = 2010D45D29DBBC2A006DBDF4 /* ModelData.swift */; };
		208A89DE29E0C7AB00836BD6 /* hikeData.json in Resources */ = {isa = PBXBuildFile; fileRef = 209E913029DE5BBB00335B48 /* hikeData.json */; };
		208A89DF29E0C7AB00836BD6 /* landmarkData.json in Resources */ = {isa = PBXBuildFile; fileRef = 2010D45929DBB9B6006DBDF4 /* landmarkData.json */; };
		208A89E029E0C7AB00836BD6 /* LandmarkList.swift in Sources */ = {isa = PBXBuildFile; fileRef = 2010D46429DBC27D006DBDF4 /* LandmarkList.swift */; };
		208A89E129E0C7AB00836BD6 /* Landmark.swift in Sources */ = {isa = PBXBuildFile; fileRef = 2010D45B29DBBA01006DBDF4 /* Landmark.swift */; };
		208A89E529E0C82300836BD6 /* LandmarkDetail.swift in Sources */ = {isa = PBXBuildFile; fileRef = 208A89E429E0C82300836BD6 /* LandmarkDetail.swift */; };
		208A89E629E0CBA700836BD6 /* Assets.xcassets in Resources */ = {isa = PBXBuildFile; fileRef = 2010D44B29DB9496006DBDF4 /* Assets.xcassets */; };
		208A89E829E0CC7600836BD6 /* NotificationView.swift in Sources */ = {isa = PBXBuildFile; fileRef = 208A89E729E0CC7600836BD6 /* NotificationView.swift */; };
		208A89EA29E0CD9C00836BD6 /* NotificationController.swift in Sources */ = {isa = PBXBuildFile; fileRef = 208A89E929E0CD9C00836BD6 /* NotificationController.swift */; };
		208A89EC29E0CFF300836BD6 /* PushNotificationPayload.apns in Resources */ = {isa = PBXBuildFile; fileRef = 208A89EB29E0CFF300836BD6 /* PushNotificationPayload.apns */; };
		209E912229DE4E4A00335B48 /* HexagonParameters.swift in Sources */ = {isa = PBXBuildFile; fileRef = 209E912129DE4E4A00335B48 /* HexagonParameters.swift */; };
		209E912429DE4F6300335B48 /* BadgeBackground.swift in Sources */ = {isa = PBXBuildFile; fileRef = 209E912329DE4F6300335B48 /* BadgeBackground.swift */; };
		209E912629DE550A00335B48 /* BadgeSymbol.swift in Sources */ = {isa = PBXBuildFile; fileRef = 209E912529DE550A00335B48 /* BadgeSymbol.swift */; };
		209E912D29DE571400335B48 /* RotatedBadgeSymbol.swift in Sources */ = {isa = PBXBuildFile; fileRef = 209E912C29DE571400335B48 /* RotatedBadgeSymbol.swift */; };
		209E912F29DE57B600335B48 /* Badge.swift in Sources */ = {isa = PBXBuildFile; fileRef = 209E912E29DE57B600335B48 /* Badge.swift */; };
		209E913129DE5BBB00335B48 /* hikeData.json in Resources */ = {isa = PBXBuildFile; fileRef = 209E913029DE5BBB00335B48 /* hikeData.json */; };
		209E913329DE5BFC00335B48 /* Hike.swift in Sources */ = {isa = PBXBuildFile; fileRef = 209E913229DE5BFC00335B48 /* Hike.swift */; };
		209E913929DE5D2800335B48 /* GraphCapsule.swift in Sources */ = {isa = PBXBuildFile; fileRef = 209E913529DE5D2800335B48 /* GraphCapsule.swift */; };
		209E913A29DE5D2800335B48 /* HikeGraph.swift in Sources */ = {isa = PBXBuildFile; fileRef = 209E913629DE5D2800335B48 /* HikeGraph.swift */; };
		209E913B29DE5D2800335B48 /* HikeDetail.swift in Sources */ = {isa = PBXBuildFile; fileRef = 209E913729DE5D2800335B48 /* HikeDetail.swift */; };
		209E913C29DE5D2800335B48 /* HikeView.swift in Sources */ = {isa = PBXBuildFile; fileRef = 209E913829DE5D2800335B48 /* HikeView.swift */; };
		209E913F29DE644B00335B48 /* CategoryHome.swift in Sources */ = {isa = PBXBuildFile; fileRef = 209E913E29DE644B00335B48 /* CategoryHome.swift */; };
		209E914129DE65F000335B48 /* CategoryRow.swift in Sources */ = {isa = PBXBuildFile; fileRef = 209E914029DE65F000335B48 /* CategoryRow.swift */; };
		209E914329DE678900335B48 /* CategoryItem.swift in Sources */ = {isa = PBXBuildFile; fileRef = 209E914229DE678900335B48 /* CategoryItem.swift */; };
		20B472AF29DD211400954747 /* FavoriteButton.swift in Sources */ = {isa = PBXBuildFile; fileRef = 20B472AE29DD211300954747 /* FavoriteButton.swift */; };
		20E0256A29E060CB00038FDD /* PageControl.swift in Sources */ = {isa = PBXBuildFile; fileRef = 20E0256929E060CB00038FDD /* PageControl.swift */; };
/* End PBXBuildFile section */

/* Begin PBXContainerItemProxy section */
		208A89D129E0C6EF00836BD6 /* PBXContainerItemProxy */ = {
			isa = PBXContainerItemProxy;
			containerPortal = 2010D43C29DB9493006DBDF4 /* Project object */;
			proxyType = 1;
			remoteGlobalIDString = 208A89C529E0C6ED00836BD6;
			remoteInfo = "WatchLandmarks Watch App";
		};
/* End PBXContainerItemProxy section */

/* Begin PBXCopyFilesBuildPhase section */
		208A89D429E0C6EF00836BD6 /* Embed Watch Content */ = {
			isa = PBXCopyFilesBuildPhase;
			buildActionMask = 2147483647;
			dstPath = "$(CONTENTS_FOLDER_PATH)/Watch";
			dstSubfolderSpec = 16;
			files = (
				208A89D329E0C6EF00836BD6 /* WatchLandmarks Watch App.app in Embed Watch Content */,
			);
			name = "Embed Watch Content";
			runOnlyForDeploymentPostprocessing = 0;
		};
/* End PBXCopyFilesBuildPhase section */

/* Begin PBXFileReference section */
		2010D44429DB9493006DBDF4 /* Landmarks.app */ = {isa = PBXFileReference; explicitFileType = wrapper.application; includeInIndex = 0; path = Landmarks.app; sourceTree = BUILT_PRODUCTS_DIR; };
		2010D44729DB9493006DBDF4 /* LandmarksApp.swift */ = {isa = PBXFileReference; lastKnownFileType = sourcecode.swift; path = LandmarksApp.swift; sourceTree = "<group>"; };
		2010D44929DB9493006DBDF4 /* ContentView.swift */ = {isa = PBXFileReference; lastKnownFileType = sourcecode.swift; path = ContentView.swift; sourceTree = "<group>"; };
		2010D44B29DB9496006DBDF4 /* Assets.xcassets */ = {isa = PBXFileReference; lastKnownFileType = folder.assetcatalog; path = Assets.xcassets; sourceTree = "<group>"; };
		2010D44E29DB9496006DBDF4 /* Preview Assets.xcassets */ = {isa = PBXFileReference; lastKnownFileType = folder.assetcatalog; path = "Preview Assets.xcassets"; sourceTree = "<group>"; };
		2010D45529DBAF8B006DBDF4 /* CircleImage.swift */ = {isa = PBXFileReference; lastKnownFileType = sourcecode.swift; path = CircleImage.swift; sourceTree = "<group>"; };
		2010D45729DBB0D2006DBDF4 /* MapView.swift */ = {isa = PBXFileReference; lastKnownFileType = sourcecode.swift; path = MapView.swift; sourceTree = "<group>"; };
		2010D45929DBB9B6006DBDF4 /* landmarkData.json */ = {isa = PBXFileReference; fileEncoding = 4; lastKnownFileType = text.json; path = landmarkData.json; sourceTree = "<group>"; };
		2010D45B29DBBA01006DBDF4 /* Landmark.swift */ = {isa = PBXFileReference; lastKnownFileType = sourcecode.swift; path = Landmark.swift; sourceTree = "<group>"; };
		2010D45D29DBBC2A006DBDF4 /* ModelData.swift */ = {isa = PBXFileReference; lastKnownFileType = sourcecode.swift; path = ModelData.swift; sourceTree = "<group>"; };
		2010D46229DBBE5B006DBDF4 /* LandmarkRow.swift */ = {isa = PBXFileReference; lastKnownFileType = sourcecode.swift; path = LandmarkRow.swift; sourceTree = "<group>"; };
		2010D46429DBC27D006DBDF4 /* LandmarkList.swift */ = {isa = PBXFileReference; lastKnownFileType = sourcecode.swift; path = LandmarkList.swift; sourceTree = "<group>"; };
		2010D46629DBC48F006DBDF4 /* LandmarkDetail.swift */ = {isa = PBXFileReference; lastKnownFileType = sourcecode.swift; path = LandmarkDetail.swift; sourceTree = "<group>"; };
		206F469F29DF86730043322A /* Profile.swift */ = {isa = PBXFileReference; lastKnownFileType = sourcecode.swift; path = Profile.swift; sourceTree = "<group>"; };
		206F46A329DF87E20043322A /* ProfileHost.swift */ = {isa = PBXFileReference; lastKnownFileType = sourcecode.swift; path = ProfileHost.swift; sourceTree = "<group>"; };
		206F46A529DF89970043322A /* ProfileSummary.swift */ = {isa = PBXFileReference; lastKnownFileType = sourcecode.swift; path = ProfileSummary.swift; sourceTree = "<group>"; };
		206F46A729DF8B390043322A /* HikeBadge.swift */ = {isa = PBXFileReference; lastKnownFileType = sourcecode.swift; path = HikeBadge.swift; sourceTree = "<group>"; };
		206F46A929DFC6610043322A /* ProfileEditor.swift */ = {isa = PBXFileReference; lastKnownFileType = sourcecode.swift; path = ProfileEditor.swift; sourceTree = "<group>"; };
		206F46AC29DFCC530043322A /* PageViewController.swift */ = {isa = PBXFileReference; lastKnownFileType = sourcecode.swift; path = PageViewController.swift; sourceTree = "<group>"; };
		206F46AE29DFCF2A0043322A /* FeatureCard.swift */ = {isa = PBXFileReference; lastKnownFileType = sourcecode.swift; path = FeatureCard.swift; sourceTree = "<group>"; };
		206F46B029DFD1E50043322A /* PageView.swift */ = {isa = PBXFileReference; lastKnownFileType = sourcecode.swift; path = PageView.swift; sourceTree = "<group>"; };
		208A89C629E0C6ED00836BD6 /* WatchLandmarks Watch App.app */ = {isa = PBXFileReference; explicitFileType = wrapper.application; includeInIndex = 0; path = "WatchLandmarks Watch App.app"; sourceTree = BUILT_PRODUCTS_DIR; };
		208A89C829E0C6ED00836BD6 /* WatchLandmarksApp.swift */ = {isa = PBXFileReference; lastKnownFileType = sourcecode.swift; path = WatchLandmarksApp.swift; sourceTree = "<group>"; };
		208A89CA29E0C6ED00836BD6 /* ContentView.swift */ = {isa = PBXFileReference; lastKnownFileType = sourcecode.swift; path = ContentView.swift; sourceTree = "<group>"; };
		208A89CC29E0C6EF00836BD6 /* Assets.xcassets */ = {isa = PBXFileReference; lastKnownFileType = folder.assetcatalog; path = Assets.xcassets; sourceTree = "<group>"; };
		208A89CF29E0C6EF00836BD6 /* Preview Assets.xcassets */ = {isa = PBXFileReference; lastKnownFileType = folder.assetcatalog; path = "Preview Assets.xcassets"; sourceTree = "<group>"; };
		208A89E429E0C82300836BD6 /* LandmarkDetail.swift */ = {isa = PBXFileReference; lastKnownFileType = sourcecode.swift; path = LandmarkDetail.swift; sourceTree = "<group>"; };
		208A89E729E0CC7600836BD6 /* NotificationView.swift */ = {isa = PBXFileReference; lastKnownFileType = sourcecode.swift; path = NotificationView.swift; sourceTree = "<group>"; };
		208A89E929E0CD9C00836BD6 /* NotificationController.swift */ = {isa = PBXFileReference; lastKnownFileType = sourcecode.swift; path = NotificationController.swift; sourceTree = "<group>"; };
		208A89EB29E0CFF300836BD6 /* PushNotificationPayload.apns */ = {isa = PBXFileReference; lastKnownFileType = text; path = PushNotificationPayload.apns; sourceTree = "<group>"; };
		209E912129DE4E4A00335B48 /* HexagonParameters.swift */ = {isa = PBXFileReference; lastKnownFileType = sourcecode.swift; path = HexagonParameters.swift; sourceTree = "<group>"; };
		209E912329DE4F6300335B48 /* BadgeBackground.swift */ = {isa = PBXFileReference; lastKnownFileType = sourcecode.swift; path = BadgeBackground.swift; sourceTree = "<group>"; };
		209E912529DE550A00335B48 /* BadgeSymbol.swift */ = {isa = PBXFileReference; lastKnownFileType = sourcecode.swift; path = BadgeSymbol.swift; sourceTree = "<group>"; };
		209E912C29DE571400335B48 /* RotatedBadgeSymbol.swift */ = {isa = PBXFileReference; lastKnownFileType = sourcecode.swift; path = RotatedBadgeSymbol.swift; sourceTree = "<group>"; };
		209E912E29DE57B600335B48 /* Badge.swift */ = {isa = PBXFileReference; lastKnownFileType = sourcecode.swift; path = Badge.swift; sourceTree = "<group>"; };
		209E913029DE5BBB00335B48 /* hikeData.json */ = {isa = PBXFileReference; fileEncoding = 4; lastKnownFileType = text.json; path = hikeData.json; sourceTree = "<group>"; };
		209E913229DE5BFC00335B48 /* Hike.swift */ = {isa = PBXFileReference; lastKnownFileType = sourcecode.swift; path = Hike.swift; sourceTree = "<group>"; };
		209E913529DE5D2800335B48 /* GraphCapsule.swift */ = {isa = PBXFileReference; fileEncoding = 4; lastKnownFileType = sourcecode.swift; path = GraphCapsule.swift; sourceTree = "<group>"; };
		209E913629DE5D2800335B48 /* HikeGraph.swift */ = {isa = PBXFileReference; fileEncoding = 4; lastKnownFileType = sourcecode.swift; path = HikeGraph.swift; sourceTree = "<group>"; };
		209E913729DE5D2800335B48 /* HikeDetail.swift */ = {isa = PBXFileReference; fileEncoding = 4; lastKnownFileType = sourcecode.swift; path = HikeDetail.swift; sourceTree = "<group>"; };
		209E913829DE5D2800335B48 /* HikeView.swift */ = {isa = PBXFileReference; fileEncoding = 4; lastKnownFileType = sourcecode.swift; path = HikeView.swift; sourceTree = "<group>"; };
		209E913E29DE644B00335B48 /* CategoryHome.swift */ = {isa = PBXFileReference; lastKnownFileType = sourcecode.swift; path = CategoryHome.swift; sourceTree = "<group>"; };
		209E914029DE65F000335B48 /* CategoryRow.swift */ = {isa = PBXFileReference; lastKnownFileType = sourcecode.swift; path = CategoryRow.swift; sourceTree = "<group>"; };
		209E914229DE678900335B48 /* CategoryItem.swift */ = {isa = PBXFileReference; lastKnownFileType = sourcecode.swift; path = CategoryItem.swift; sourceTree = "<group>"; };
		20B472AE29DD211300954747 /* FavoriteButton.swift */ = {isa = PBXFileReference; lastKnownFileType = sourcecode.swift; path = FavoriteButton.swift; sourceTree = "<group>"; };
		20E0256929E060CB00038FDD /* PageControl.swift */ = {isa = PBXFileReference; lastKnownFileType = sourcecode.swift; path = PageControl.swift; sourceTree = "<group>"; };
/* End PBXFileReference section */

/* Begin PBXFrameworksBuildPhase section */
		2010D44129DB9493006DBDF4 /* Frameworks */ = {
			isa = PBXFrameworksBuildPhase;
			buildActionMask = 2147483647;
			files = (
			);
			runOnlyForDeploymentPostprocessing = 0;
		};
		208A89C329E0C6ED00836BD6 /* Frameworks */ = {
			isa = PBXFrameworksBuildPhase;
			buildActionMask = 2147483647;
			files = (
			);
			runOnlyForDeploymentPostprocessing = 0;
		};
/* End PBXFrameworksBuildPhase section */

/* Begin PBXGroup section */
		2010D43B29DB9493006DBDF4 = {
			isa = PBXGroup;
			children = (
				2010D44629DB9493006DBDF4 /* Landmarks */,
				208A89C729E0C6ED00836BD6 /* WatchLandmarks Watch App */,
				2010D44529DB9493006DBDF4 /* Products */,
			);
			sourceTree = "<group>";
		};
		2010D44529DB9493006DBDF4 /* Products */ = {
			isa = PBXGroup;
			children = (
				2010D44429DB9493006DBDF4 /* Landmarks.app */,
				208A89C629E0C6ED00836BD6 /* WatchLandmarks Watch App.app */,
			);
			name = Products;
			sourceTree = "<group>";
		};
		2010D44629DB9493006DBDF4 /* Landmarks */ = {
			isa = PBXGroup;
			children = (
				2010D46129DBBE19006DBDF4 /* Resources */,
				2010D46029DBBE02006DBDF4 /* Model */,
				2010D45F29DBBDE6006DBDF4 /* Views */,
				2010D44729DB9493006DBDF4 /* LandmarksApp.swift */,
				2010D44B29DB9496006DBDF4 /* Assets.xcassets */,
				2010D44D29DB9496006DBDF4 /* Preview Content */,
			);
			path = Landmarks;
			sourceTree = "<group>";
		};
		2010D44D29DB9496006DBDF4 /* Preview Content */ = {
			isa = PBXGroup;
			children = (
				2010D44E29DB9496006DBDF4 /* Preview Assets.xcassets */,
			);
			path = "Preview Content";
			sourceTree = "<group>";
		};
		2010D45F29DBBDE6006DBDF4 /* Views */ = {
			isa = PBXGroup;
			children = (
				206F46AB29DFCC3B0043322A /* PageView */,
				206F46A229DF879D0043322A /* Profiles */,
				209E913D29DE643300335B48 /* Categories */,
				209E913429DE5D2800335B48 /* Hikes */,
				209E912729DE56BE00335B48 /* Badges */,
				20B472B129DD21E400954747 /* Helpers */,
				20B472B029DD21C500954747 /* Landmarks */,
				2010D44929DB9493006DBDF4 /* ContentView.swift */,
				206F46AE29DFCF2A0043322A /* FeatureCard.swift */,
			);
			path = Views;
			sourceTree = "<group>";
		};
		2010D46029DBBE02006DBDF4 /* Model */ = {
			isa = PBXGroup;
			children = (
				2010D45D29DBBC2A006DBDF4 /* ModelData.swift */,
				2010D45B29DBBA01006DBDF4 /* Landmark.swift */,
				209E913229DE5BFC00335B48 /* Hike.swift */,
				206F469F29DF86730043322A /* Profile.swift */,
			);
			path = Model;
			sourceTree = "<group>";
		};
		2010D46129DBBE19006DBDF4 /* Resources */ = {
			isa = PBXGroup;
			children = (
				209E913029DE5BBB00335B48 /* hikeData.json */,
				2010D45929DBB9B6006DBDF4 /* landmarkData.json */,
			);
			path = Resources;
			sourceTree = "<group>";
		};
		206F46A229DF879D0043322A /* Profiles */ = {
			isa = PBXGroup;
			children = (
				206F46A329DF87E20043322A /* ProfileHost.swift */,
				206F46A529DF89970043322A /* ProfileSummary.swift */,
				206F46A929DFC6610043322A /* ProfileEditor.swift */,
			);
			path = Profiles;
			sourceTree = "<group>";
		};
		206F46AB29DFCC3B0043322A /* PageView */ = {
			isa = PBXGroup;
			children = (
				206F46AC29DFCC530043322A /* PageViewController.swift */,
				206F46B029DFD1E50043322A /* PageView.swift */,
				20E0256929E060CB00038FDD /* PageControl.swift */,
			);
			path = PageView;
			sourceTree = "<group>";
		};
		208A89C729E0C6ED00836BD6 /* WatchLandmarks Watch App */ = {
			isa = PBXGroup;
			children = (
				208A89C829E0C6ED00836BD6 /* WatchLandmarksApp.swift */,
				208A89CA29E0C6ED00836BD6 /* ContentView.swift */,
				208A89CC29E0C6EF00836BD6 /* Assets.xcassets */,
				208A89CE29E0C6EF00836BD6 /* Preview Content */,
				208A89E429E0C82300836BD6 /* LandmarkDetail.swift */,
				208A89E729E0CC7600836BD6 /* NotificationView.swift */,
				208A89E929E0CD9C00836BD6 /* NotificationController.swift */,
				208A89EB29E0CFF300836BD6 /* PushNotificationPayload.apns */,
			);
			path = "WatchLandmarks Watch App";
			sourceTree = "<group>";
		};
		208A89CE29E0C6EF00836BD6 /* Preview Content */ = {
			isa = PBXGroup;
			children = (
				208A89CF29E0C6EF00836BD6 /* Preview Assets.xcassets */,
			);
			path = "Preview Content";
			sourceTree = "<group>";
		};
		209E912729DE56BE00335B48 /* Badges */ = {
			isa = PBXGroup;
			children = (
				209E912129DE4E4A00335B48 /* HexagonParameters.swift */,
				209E912329DE4F6300335B48 /* BadgeBackground.swift */,
				209E912529DE550A00335B48 /* BadgeSymbol.swift */,
				209E912C29DE571400335B48 /* RotatedBadgeSymbol.swift */,
				209E912E29DE57B600335B48 /* Badge.swift */,
			);
			path = Badges;
			sourceTree = "<group>";
		};
		209E913429DE5D2800335B48 /* Hikes */ = {
			isa = PBXGroup;
			children = (
				209E913529DE5D2800335B48 /* GraphCapsule.swift */,
				209E913629DE5D2800335B48 /* HikeGraph.swift */,
				209E913729DE5D2800335B48 /* HikeDetail.swift */,
				209E913829DE5D2800335B48 /* HikeView.swift */,
				206F46A729DF8B390043322A /* HikeBadge.swift */,
			);
			path = Hikes;
			sourceTree = "<group>";
		};
		209E913D29DE643300335B48 /* Categories */ = {
			isa = PBXGroup;
			children = (
				209E913E29DE644B00335B48 /* CategoryHome.swift */,
				209E914029DE65F000335B48 /* CategoryRow.swift */,
				209E914229DE678900335B48 /* CategoryItem.swift */,
			);
			path = Categories;
			sourceTree = "<group>";
		};
		20B472B029DD21C500954747 /* Landmarks */ = {
			isa = PBXGroup;
			children = (
				2010D46229DBBE5B006DBDF4 /* LandmarkRow.swift */,
				2010D46429DBC27D006DBDF4 /* LandmarkList.swift */,
				2010D46629DBC48F006DBDF4 /* LandmarkDetail.swift */,
			);
			path = Landmarks;
			sourceTree = "<group>";
		};
		20B472B129DD21E400954747 /* Helpers */ = {
			isa = PBXGroup;
			children = (
				2010D45529DBAF8B006DBDF4 /* CircleImage.swift */,
				2010D45729DBB0D2006DBDF4 /* MapView.swift */,
				20B472AE29DD211300954747 /* FavoriteButton.swift */,
			);
			path = Helpers;
			sourceTree = "<group>";
		};
/* End PBXGroup section */

/* Begin PBXNativeTarget section */
		2010D44329DB9493006DBDF4 /* Landmarks */ = {
			isa = PBXNativeTarget;
			buildConfigurationList = 2010D45229DB9496006DBDF4 /* Build configuration list for PBXNativeTarget "Landmarks" */;
			buildPhases = (
				2010D44029DB9493006DBDF4 /* Sources */,
				2010D44129DB9493006DBDF4 /* Frameworks */,
				2010D44229DB9493006DBDF4 /* Resources */,
				208A89D429E0C6EF00836BD6 /* Embed Watch Content */,
			);
			buildRules = (
			);
			dependencies = (
				208A89D229E0C6EF00836BD6 /* PBXTargetDependency */,
			);
			name = Landmarks;
			productName = Landmarks;
			productReference = 2010D44429DB9493006DBDF4 /* Landmarks.app */;
			productType = "com.apple.product-type.application";
		};
		208A89C529E0C6ED00836BD6 /* WatchLandmarks Watch App */ = {
			isa = PBXNativeTarget;
			buildConfigurationList = 208A89D729E0C6EF00836BD6 /* Build configuration list for PBXNativeTarget "WatchLandmarks Watch App" */;
			buildPhases = (
				208A89C229E0C6ED00836BD6 /* Sources */,
				208A89C329E0C6ED00836BD6 /* Frameworks */,
				208A89C429E0C6ED00836BD6 /* Resources */,
			);
			buildRules = (
			);
			dependencies = (
			);
			name = "WatchLandmarks Watch App";
			productName = "WatchLandmarks Watch App";
			productReference = 208A89C629E0C6ED00836BD6 /* WatchLandmarks Watch App.app */;
			productType = "com.apple.product-type.application";
		};
/* End PBXNativeTarget section */

/* Begin PBXProject section */
		2010D43C29DB9493006DBDF4 /* Project object */ = {
			isa = PBXProject;
			attributes = {
				BuildIndependentTargetsInParallel = 1;
				LastSwiftUpdateCheck = 1420;
				LastUpgradeCheck = 1420;
				TargetAttributes = {
					2010D44329DB9493006DBDF4 = {
						CreatedOnToolsVersion = 14.2;
					};
					208A89C529E0C6ED00836BD6 = {
						CreatedOnToolsVersion = 14.2;
					};
				};
			};
			buildConfigurationList = 2010D43F29DB9493006DBDF4 /* Build configuration list for PBXProject "Landmarks" */;
			compatibilityVersion = "Xcode 14.0";
			developmentRegion = en;
			hasScannedForEncodings = 0;
			knownRegions = (
				en,
				Base,
			);
			mainGroup = 2010D43B29DB9493006DBDF4;
			productRefGroup = 2010D44529DB9493006DBDF4 /* Products */;
			projectDirPath = "";
			projectRoot = "";
			targets = (
				2010D44329DB9493006DBDF4 /* Landmarks */,
				208A89C529E0C6ED00836BD6 /* WatchLandmarks Watch App */,
			);
		};
/* End PBXProject section */

/* Begin PBXResourcesBuildPhase section */
		2010D44229DB9493006DBDF4 /* Resources */ = {
			isa = PBXResourcesBuildPhase;
			buildActionMask = 2147483647;
			files = (
				209E913129DE5BBB00335B48 /* hikeData.json in Resources */,
				2010D44F29DB9496006DBDF4 /* Preview Assets.xcassets in Resources */,
				2010D44C29DB9496006DBDF4 /* Assets.xcassets in Resources */,
				2010D45A29DBB9B6006DBDF4 /* landmarkData.json in Resources */,
			);
			runOnlyForDeploymentPostprocessing = 0;
		};
		208A89C429E0C6ED00836BD6 /* Resources */ = {
			isa = PBXResourcesBuildPhase;
			buildActionMask = 2147483647;
			files = (
				208A89D029E0C6EF00836BD6 /* Preview Assets.xcassets in Resources */,
				208A89DF29E0C7AB00836BD6 /* landmarkData.json in Resources */,
				208A89DE29E0C7AB00836BD6 /* hikeData.json in Resources */,
				208A89CD29E0C6EF00836BD6 /* Assets.xcassets in Resources */,
				208A89E629E0CBA700836BD6 /* Assets.xcassets in Resources */,
				208A89EC29E0CFF300836BD6 /* PushNotificationPayload.apns in Resources */,
			);
			runOnlyForDeploymentPostprocessing = 0;
		};
/* End PBXResourcesBuildPhase section */

/* Begin PBXSourcesBuildPhase section */
		2010D44029DB9493006DBDF4 /* Sources */ = {
			isa = PBXSourcesBuildPhase;
			buildActionMask = 2147483647;
			files = (
				209E914129DE65F000335B48 /* CategoryRow.swift in Sources */,
				206F46A029DF86730043322A /* Profile.swift in Sources */,
				2010D44A29DB9493006DBDF4 /* ContentView.swift in Sources */,
				209E913F29DE644B00335B48 /* CategoryHome.swift in Sources */,
				206F46AF29DFCF2A0043322A /* FeatureCard.swift in Sources */,
				209E913A29DE5D2800335B48 /* HikeGraph.swift in Sources */,
				209E912F29DE57B600335B48 /* Badge.swift in Sources */,
				2010D45829DBB0D2006DBDF4 /* MapView.swift in Sources */,
				209E913929DE5D2800335B48 /* GraphCapsule.swift in Sources */,
				2010D44829DB9493006DBDF4 /* LandmarksApp.swift in Sources */,
				20E0256A29E060CB00038FDD /* PageControl.swift in Sources */,
				20B472AF29DD211400954747 /* FavoriteButton.swift in Sources */,
				209E914329DE678900335B48 /* CategoryItem.swift in Sources */,
				209E913B29DE5D2800335B48 /* HikeDetail.swift in Sources */,
				206F46A629DF89970043322A /* ProfileSummary.swift in Sources */,
				209E912229DE4E4A00335B48 /* HexagonParameters.swift in Sources */,
				206F46A429DF87E20043322A /* ProfileHost.swift in Sources */,
				209E913329DE5BFC00335B48 /* Hike.swift in Sources */,
				209E912D29DE571400335B48 /* RotatedBadgeSymbol.swift in Sources */,
				206F46B129DFD1E50043322A /* PageView.swift in Sources */,
				209E912629DE550A00335B48 /* BadgeSymbol.swift in Sources */,
				206F46AA29DFC6610043322A /* ProfileEditor.swift in Sources */,
				2010D46529DBC27D006DBDF4 /* LandmarkList.swift in Sources */,
				209E913C29DE5D2800335B48 /* HikeView.swift in Sources */,
				2010D46729DBC490006DBDF4 /* LandmarkDetail.swift in Sources */,
				206F46AD29DFCC530043322A /* PageViewController.swift in Sources */,
				209E912429DE4F6300335B48 /* BadgeBackground.swift in Sources */,
				206F46A829DF8B390043322A /* HikeBadge.swift in Sources */,
				2010D45629DBAF8B006DBDF4 /* CircleImage.swift in Sources */,
				2010D45C29DBBA01006DBDF4 /* Landmark.swift in Sources */,
				2010D46329DBBE5C006DBDF4 /* LandmarkRow.swift in Sources */,
				2010D45E29DBBC2A006DBDF4 /* ModelData.swift in Sources */,
			);
			runOnlyForDeploymentPostprocessing = 0;
		};
		208A89C229E0C6ED00836BD6 /* Sources */ = {
			isa = PBXSourcesBuildPhase;
			buildActionMask = 2147483647;
			files = (
				208A89DA29E0C7AB00836BD6 /* Hike.swift in Sources */,
				208A89CB29E0C6ED00836BD6 /* ContentView.swift in Sources */,
				208A89DB29E0C7AB00836BD6 /* LandmarkRow.swift in Sources */,
				208A89DC29E0C7AB00836BD6 /* CircleImage.swift in Sources */,
				208A89E029E0C7AB00836BD6 /* LandmarkList.swift in Sources */,
				208A89D929E0C7AB00836BD6 /* Profile.swift in Sources */,
				208A89DD29E0C7AB00836BD6 /* ModelData.swift in Sources */,
				208A89D829E0C7AB00836BD6 /* MapView.swift in Sources */,
				208A89C929E0C6ED00836BD6 /* WatchLandmarksApp.swift in Sources */,
				208A89EA29E0CD9C00836BD6 /* NotificationController.swift in Sources */,
				208A89E129E0C7AB00836BD6 /* Landmark.swift in Sources */,
				208A89E529E0C82300836BD6 /* LandmarkDetail.swift in Sources */,
				208A89E829E0CC7600836BD6 /* NotificationView.swift in Sources */,
			);
			runOnlyForDeploymentPostprocessing = 0;
		};
/* End PBXSourcesBuildPhase section */

/* Begin PBXTargetDependency section */
		208A89D229E0C6EF00836BD6 /* PBXTargetDependency */ = {
			isa = PBXTargetDependency;
			target = 208A89C529E0C6ED00836BD6 /* WatchLandmarks Watch App */;
			targetProxy = 208A89D129E0C6EF00836BD6 /* PBXContainerItemProxy */;
		};
/* End PBXTargetDependency section */

/* Begin XCBuildConfiguration section */
		2010D45029DB9496006DBDF4 /* Debug */ = {
			isa = XCBuildConfiguration;
			buildSettings = {
				ALWAYS_SEARCH_USER_PATHS = NO;
				CLANG_ANALYZER_NONNULL = YES;
				CLANG_ANALYZER_NUMBER_OBJECT_CONVERSION = YES_AGGRESSIVE;
				CLANG_CXX_LANGUAGE_STANDARD = "gnu++20";
				CLANG_ENABLE_MODULES = YES;
				CLANG_ENABLE_OBJC_ARC = YES;
				CLANG_ENABLE_OBJC_WEAK = YES;
				CLANG_WARN_BLOCK_CAPTURE_AUTORELEASING = YES;
				CLANG_WARN_BOOL_CONVERSION = YES;
				CLANG_WARN_COMMA = YES;
				CLANG_WARN_CONSTANT_CONVERSION = YES;
				CLANG_WARN_DEPRECATED_OBJC_IMPLEMENTATIONS = YES;
				CLANG_WARN_DIRECT_OBJC_ISA_USAGE = YES_ERROR;
				CLANG_WARN_DOCUMENTATION_COMMENTS = YES;
				CLANG_WARN_EMPTY_BODY = YES;
				CLANG_WARN_ENUM_CONVERSION = YES;
				CLANG_WARN_INFINITE_RECURSION = YES;
				CLANG_WARN_INT_CONVERSION = YES;
				CLANG_WARN_NON_LITERAL_NULL_CONVERSION = YES;
				CLANG_WARN_OBJC_IMPLICIT_RETAIN_SELF = YES;
				CLANG_WARN_OBJC_LITERAL_CONVERSION = YES;
				CLANG_WARN_OBJC_ROOT_CLASS = YES_ERROR;
				CLANG_WARN_QUOTED_INCLUDE_IN_FRAMEWORK_HEADER = YES;
				CLANG_WARN_RANGE_LOOP_ANALYSIS = YES;
				CLANG_WARN_STRICT_PROTOTYPES = YES;
				CLANG_WARN_SUSPICIOUS_MOVE = YES;
				CLANG_WARN_UNGUARDED_AVAILABILITY = YES_AGGRESSIVE;
				CLANG_WARN_UNREACHABLE_CODE = YES;
				CLANG_WARN__DUPLICATE_METHOD_MATCH = YES;
				COPY_PHASE_STRIP = NO;
				DEBUG_INFORMATION_FORMAT = dwarf;
				ENABLE_STRICT_OBJC_MSGSEND = YES;
				ENABLE_TESTABILITY = YES;
				GCC_C_LANGUAGE_STANDARD = gnu11;
				GCC_DYNAMIC_NO_PIC = NO;
				GCC_NO_COMMON_BLOCKS = YES;
				GCC_OPTIMIZATION_LEVEL = 0;
				GCC_PREPROCESSOR_DEFINITIONS = (
					"DEBUG=1",
					"$(inherited)",
				);
				GCC_WARN_64_TO_32_BIT_CONVERSION = YES;
				GCC_WARN_ABOUT_RETURN_TYPE = YES_ERROR;
				GCC_WARN_UNDECLARED_SELECTOR = YES;
				GCC_WARN_UNINITIALIZED_AUTOS = YES_AGGRESSIVE;
				GCC_WARN_UNUSED_FUNCTION = YES;
				GCC_WARN_UNUSED_VARIABLE = YES;
				IPHONEOS_DEPLOYMENT_TARGET = 16.2;
				MTL_ENABLE_DEBUG_INFO = INCLUDE_SOURCE;
				MTL_FAST_MATH = YES;
				ONLY_ACTIVE_ARCH = YES;
				SDKROOT = iphoneos;
				SWIFT_ACTIVE_COMPILATION_CONDITIONS = DEBUG;
				SWIFT_OPTIMIZATION_LEVEL = "-Onone";
			};
			name = Debug;
		};
		2010D45129DB9496006DBDF4 /* Release */ = {
			isa = XCBuildConfiguration;
			buildSettings = {
				ALWAYS_SEARCH_USER_PATHS = NO;
				CLANG_ANALYZER_NONNULL = YES;
				CLANG_ANALYZER_NUMBER_OBJECT_CONVERSION = YES_AGGRESSIVE;
				CLANG_CXX_LANGUAGE_STANDARD = "gnu++20";
				CLANG_ENABLE_MODULES = YES;
				CLANG_ENABLE_OBJC_ARC = YES;
				CLANG_ENABLE_OBJC_WEAK = YES;
				CLANG_WARN_BLOCK_CAPTURE_AUTORELEASING = YES;
				CLANG_WARN_BOOL_CONVERSION = YES;
				CLANG_WARN_COMMA = YES;
				CLANG_WARN_CONSTANT_CONVERSION = YES;
				CLANG_WARN_DEPRECATED_OBJC_IMPLEMENTATIONS = YES;
				CLANG_WARN_DIRECT_OBJC_ISA_USAGE = YES_ERROR;
				CLANG_WARN_DOCUMENTATION_COMMENTS = YES;
				CLANG_WARN_EMPTY_BODY = YES;
				CLANG_WARN_ENUM_CONVERSION = YES;
				CLANG_WARN_INFINITE_RECURSION = YES;
				CLANG_WARN_INT_CONVERSION = YES;
				CLANG_WARN_NON_LITERAL_NULL_CONVERSION = YES;
				CLANG_WARN_OBJC_IMPLICIT_RETAIN_SELF = YES;
				CLANG_WARN_OBJC_LITERAL_CONVERSION = YES;
				CLANG_WARN_OBJC_ROOT_CLASS = YES_ERROR;
				CLANG_WARN_QUOTED_INCLUDE_IN_FRAMEWORK_HEADER = YES;
				CLANG_WARN_RANGE_LOOP_ANALYSIS = YES;
				CLANG_WARN_STRICT_PROTOTYPES = YES;
				CLANG_WARN_SUSPICIOUS_MOVE = YES;
				CLANG_WARN_UNGUARDED_AVAILABILITY = YES_AGGRESSIVE;
				CLANG_WARN_UNREACHABLE_CODE = YES;
				CLANG_WARN__DUPLICATE_METHOD_MATCH = YES;
				COPY_PHASE_STRIP = NO;
				DEBUG_INFORMATION_FORMAT = "dwarf-with-dsym";
				ENABLE_NS_ASSERTIONS = NO;
				ENABLE_STRICT_OBJC_MSGSEND = YES;
				GCC_C_LANGUAGE_STANDARD = gnu11;
				GCC_NO_COMMON_BLOCKS = YES;
				GCC_WARN_64_TO_32_BIT_CONVERSION = YES;
				GCC_WARN_ABOUT_RETURN_TYPE = YES_ERROR;
				GCC_WARN_UNDECLARED_SELECTOR = YES;
				GCC_WARN_UNINITIALIZED_AUTOS = YES_AGGRESSIVE;
				GCC_WARN_UNUSED_FUNCTION = YES;
				GCC_WARN_UNUSED_VARIABLE = YES;
				IPHONEOS_DEPLOYMENT_TARGET = 16.2;
				MTL_ENABLE_DEBUG_INFO = NO;
				MTL_FAST_MATH = YES;
				SDKROOT = iphoneos;
				SWIFT_COMPILATION_MODE = wholemodule;
				SWIFT_OPTIMIZATION_LEVEL = "-O";
				VALIDATE_PRODUCT = YES;
			};
			name = Release;
		};
		2010D45329DB9496006DBDF4 /* Debug */ = {
			isa = XCBuildConfiguration;
			buildSettings = {
				ALWAYS_EMBED_SWIFT_STANDARD_LIBRARIES = YES;
				ASSETCATALOG_COMPILER_APPICON_NAME = AppIcon;
				ASSETCATALOG_COMPILER_GLOBAL_ACCENT_COLOR_NAME = AccentColor;
				CODE_SIGN_STYLE = Automatic;
				CURRENT_PROJECT_VERSION = 1;
				DEVELOPMENT_ASSET_PATHS = "\"Landmarks/Preview Content\"";
				DEVELOPMENT_TEAM = 82TVN2X2TP;
				ENABLE_PREVIEWS = YES;
				GENERATE_INFOPLIST_FILE = YES;
				INFOPLIST_KEY_UIApplicationSceneManifest_Generation = YES;
				INFOPLIST_KEY_UIApplicationSupportsIndirectInputEvents = YES;
				INFOPLIST_KEY_UILaunchScreen_Generation = YES;
				INFOPLIST_KEY_UISupportedInterfaceOrientations_iPad = "UIInterfaceOrientationPortrait UIInterfaceOrientationPortraitUpsideDown UIInterfaceOrientationLandscapeLeft UIInterfaceOrientationLandscapeRight";
				INFOPLIST_KEY_UISupportedInterfaceOrientations_iPhone = "UIInterfaceOrientationPortrait UIInterfaceOrientationLandscapeLeft UIInterfaceOrientationLandscapeRight";
				LD_RUNPATH_SEARCH_PATHS = (
					"$(inherited)",
					"@executable_path/Frameworks",
				);
				MARKETING_VERSION = 1.0;
				PRODUCT_BUNDLE_IDENTIFIER = dev.daanmoura.Landmarks;
				PRODUCT_NAME = "$(TARGET_NAME)";
				SWIFT_EMIT_LOC_STRINGS = YES;
				SWIFT_VERSION = 5.0;
				TARGETED_DEVICE_FAMILY = "1,2";
			};
			name = Debug;
		};
		2010D45429DB9496006DBDF4 /* Release */ = {
			isa = XCBuildConfiguration;
			buildSettings = {
				ALWAYS_EMBED_SWIFT_STANDARD_LIBRARIES = YES;
				ASSETCATALOG_COMPILER_APPICON_NAME = AppIcon;
				ASSETCATALOG_COMPILER_GLOBAL_ACCENT_COLOR_NAME = AccentColor;
				CODE_SIGN_STYLE = Automatic;
				CURRENT_PROJECT_VERSION = 1;
				DEVELOPMENT_ASSET_PATHS = "\"Landmarks/Preview Content\"";
				DEVELOPMENT_TEAM = 82TVN2X2TP;
				ENABLE_PREVIEWS = YES;
				GENERATE_INFOPLIST_FILE = YES;
				INFOPLIST_KEY_UIApplicationSceneManifest_Generation = YES;
				INFOPLIST_KEY_UIApplicationSupportsIndirectInputEvents = YES;
				INFOPLIST_KEY_UILaunchScreen_Generation = YES;
				INFOPLIST_KEY_UISupportedInterfaceOrientations_iPad = "UIInterfaceOrientationPortrait UIInterfaceOrientationPortraitUpsideDown UIInterfaceOrientationLandscapeLeft UIInterfaceOrientationLandscapeRight";
				INFOPLIST_KEY_UISupportedInterfaceOrientations_iPhone = "UIInterfaceOrientationPortrait UIInterfaceOrientationLandscapeLeft UIInterfaceOrientationLandscapeRight";
				LD_RUNPATH_SEARCH_PATHS = (
					"$(inherited)",
					"@executable_path/Frameworks",
				);
				MARKETING_VERSION = 1.0;
				PRODUCT_BUNDLE_IDENTIFIER = dev.daanmoura.Landmarks;
				PRODUCT_NAME = "$(TARGET_NAME)";
				SWIFT_EMIT_LOC_STRINGS = YES;
				SWIFT_VERSION = 5.0;
				TARGETED_DEVICE_FAMILY = "1,2";
			};
			name = Release;
		};
		208A89D529E0C6EF00836BD6 /* Debug */ = {
			isa = XCBuildConfiguration;
			buildSettings = {
				ASSETCATALOG_COMPILER_APPICON_NAME = AppIcon;
				ASSETCATALOG_COMPILER_GLOBAL_ACCENT_COLOR_NAME = AccentColor;
				CODE_SIGN_STYLE = Automatic;
				CURRENT_PROJECT_VERSION = 1;
				DEVELOPMENT_ASSET_PATHS = "\"WatchLandmarks Watch App/Preview Content\"";
				DEVELOPMENT_TEAM = 82TVN2X2TP;
				ENABLE_PREVIEWS = YES;
				GENERATE_INFOPLIST_FILE = YES;
				INFOPLIST_KEY_CFBundleDisplayName = WatchLandmarks;
				INFOPLIST_KEY_UISupportedInterfaceOrientations = "UIInterfaceOrientationPortrait UIInterfaceOrientationPortraitUpsideDown";
				INFOPLIST_KEY_WKCompanionAppBundleIdentifier = dev.daanmoura.Landmarks;
				LD_RUNPATH_SEARCH_PATHS = (
					"$(inherited)",
					"@executable_path/Frameworks",
				);
				MARKETING_VERSION = 1.0;
				PRODUCT_BUNDLE_IDENTIFIER = dev.daanmoura.Landmarks.watchkitapp;
				PRODUCT_NAME = "$(TARGET_NAME)";
				SDKROOT = watchos;
				SKIP_INSTALL = YES;
				SWIFT_EMIT_LOC_STRINGS = YES;
				SWIFT_VERSION = 5.0;
				TARGETED_DEVICE_FAMILY = 4;
				WATCHOS_DEPLOYMENT_TARGET = 9.1;
			};
			name = Debug;
		};
		208A89D629E0C6EF00836BD6 /* Release */ = {
			isa = XCBuildConfiguration;
			buildSettings = {
				ASSETCATALOG_COMPILER_APPICON_NAME = AppIcon;
				ASSETCATALOG_COMPILER_GLOBAL_ACCENT_COLOR_NAME = AccentColor;
				CODE_SIGN_STYLE = Automatic;
				CURRENT_PROJECT_VERSION = 1;
				DEVELOPMENT_ASSET_PATHS = "\"WatchLandmarks Watch App/Preview Content\"";
				DEVELOPMENT_TEAM = 82TVN2X2TP;
				ENABLE_PREVIEWS = YES;
				GENERATE_INFOPLIST_FILE = YES;
				INFOPLIST_KEY_CFBundleDisplayName = WatchLandmarks;
				INFOPLIST_KEY_UISupportedInterfaceOrientations = "UIInterfaceOrientationPortrait UIInterfaceOrientationPortraitUpsideDown";
				INFOPLIST_KEY_WKCompanionAppBundleIdentifier = dev.daanmoura.Landmarks;
				LD_RUNPATH_SEARCH_PATHS = (
					"$(inherited)",
					"@executable_path/Frameworks",
				);
				MARKETING_VERSION = 1.0;
				PRODUCT_BUNDLE_IDENTIFIER = dev.daanmoura.Landmarks.watchkitapp;
				PRODUCT_NAME = "$(TARGET_NAME)";
				SDKROOT = watchos;
				SKIP_INSTALL = YES;
				SWIFT_EMIT_LOC_STRINGS = YES;
				SWIFT_VERSION = 5.0;
				TARGETED_DEVICE_FAMILY = 4;
				WATCHOS_DEPLOYMENT_TARGET = 9.1;
			};
			name = Release;
		};
/* End XCBuildConfiguration section */

/* Begin XCConfigurationList section */
		2010D43F29DB9493006DBDF4 /* Build configuration list for PBXProject "Landmarks" */ = {
			isa = XCConfigurationList;
			buildConfigurations = (
				2010D45029DB9496006DBDF4 /* Debug */,
				2010D45129DB9496006DBDF4 /* Release */,
			);
			defaultConfigurationIsVisible = 0;
			defaultConfigurationName = Release;
		};
		2010D45229DB9496006DBDF4 /* Build configuration list for PBXNativeTarget "Landmarks" */ = {
			isa = XCConfigurationList;
			buildConfigurations = (
				2010D45329DB9496006DBDF4 /* Debug */,
				2010D45429DB9496006DBDF4 /* Release */,
			);
			defaultConfigurationIsVisible = 0;
			defaultConfigurationName = Release;
		};
		208A89D729E0C6EF00836BD6 /* Build configuration list for PBXNativeTarget "WatchLandmarks Watch App" */ = {
			isa = XCConfigurationList;
			buildConfigurations = (
				208A89D529E0C6EF00836BD6 /* Debug */,
				208A89D629E0C6EF00836BD6 /* Release */,
			);
			defaultConfigurationIsVisible = 0;
			defaultConfigurationName = Release;
		};
/* End XCConfigurationList section */
	};
	rootObject = 2010D43C29DB9493006DBDF4 /* Project object */;
}
